
Microsoft Visual Studio Solution File, Format Version 12.00
# Visual Studio Version 17
VisualStudioVersion = 17.13.35931.197 d17.13
MinimumVisualStudioVersion = 10.0.40219.1
Project("{FAE04EC0-301F-11D3-BF4B-00C04F79EFBC}") = "CryptoSignalTrainer", "CryptoSignalTrainer\CryptoSignalTrainer.csproj", "{77DCAAB7-E912-44CF-9223-5B92C83EBB53}"
EndProject
Global
	GlobalSection(SolutionConfigurationPlatforms) = preSolution
		Debug|Any CPU = Debug|Any CPU
		Release|Any CPU = Release|Any CPU
	EndGlobalSection
	GlobalSection(ProjectConfigurationPlatforms) = postSolution
		{77DCAAB7-E912-44CF-9223-5B92C83EBB53}.Debug|Any CPU.ActiveCfg = Debug|Any CPU
		{77DCAAB7-E912-44CF-9223-5B92C83EBB53}.Debug|Any CPU.Build.0 = Debug|Any CPU
		{77DCAAB7-E912-44CF-9223-5B92C83EBB53}.Release|Any CPU.ActiveCfg = Release|Any CPU
		{77DCAAB7-E912-44CF-9223-5B92C83EBB53}.Release|Any CPU.Build.0 = Release|Any CPU
	EndGlobalSection
	GlobalSection(SolutionProperties) = preSolution
		HideSolutionNode = FALSE
	EndGlobalSection
	GlobalSection(ExtensibilityGlobals) = postSolution
		SolutionGuid = {C42BE34C-2DFE-473E-8672-59356460165E}
	EndGlobalSection
EndGlobal
